
Microsoft Visual Studio Solution File, Format Version 12.00
# Visual Studio 15
VisualStudioVersion = 15.0.28307.960
MinimumVisualStudioVersion = 10.0.40219.1
Project("{FAE04EC0-301F-11D3-BF4B-00C04F79EFBC}") = "js_ShapeExpression", "js_ShapeExpression\js_ShapeExpression.csproj", "{2B3D47C9-3E13-47A3-93C9-E4E17CF9A5A7}"
EndProject
Project("{FAE04EC0-301F-11D3-BF4B-00C04F79EFBC}") = "js_ShapeAssist", "js_ShapeAssist\js_ShapeAssist.csproj", "{1544AFFD-7AA8-46C8-8D7A-A587FCBCAB0D}"
EndProject
Global
	GlobalSection(SolutionConfigurationPlatforms) = preSolution
		Debug|Any CPU = Debug|Any CPU
		Debug|x64 = Debug|x64
		Debug|x86 = Debug|x86
		Release|Any CPU = Release|Any CPU
		Release|x64 = Release|x64
		Release|x86 = Release|x86
	EndGlobalSection
	GlobalSection(ProjectConfigurationPlatforms) = postSolution
		{2B3D47C9-3E13-47A3-93C9-E4E17CF9A5A7}.Debug|Any CPU.ActiveCfg = Debug|Any CPU
		{2B3D47C9-3E13-47A3-93C9-E4E17CF9A5A7}.Debug|Any CPU.Build.0 = Debug|Any CPU
		{2B3D47C9-3E13-47A3-93C9-E4E17CF9A5A7}.Debug|x64.ActiveCfg = Debug|Any CPU
		{2B3D47C9-3E13-47A3-93C9-E4E17CF9A5A7}.Debug|x64.Build.0 = Debug|Any CPU
		{2B3D47C9-3E13-47A3-93C9-E4E17CF9A5A7}.Debug|x86.ActiveCfg = Debug|Any CPU
		{2B3D47C9-3E13-47A3-93C9-E4E17CF9A5A7}.Debug|x86.Build.0 = Debug|Any CPU
		{2B3D47C9-3E13-47A3-93C9-E4E17CF9A5A7}.Release|Any CPU.ActiveCfg = Release|Any CPU
		{2B3D47C9-3E13-47A3-93C9-E4E17CF9A5A7}.Release|Any CPU.Build.0 = Release|Any CPU
		{2B3D47C9-3E13-47A3-93C9-E4E17CF9A5A7}.Release|x64.ActiveCfg = Release|Any CPU
		{2B3D47C9-3E13-47A3-93C9-E4E17CF9A5A7}.Release|x64.Build.0 = Release|Any CPU
		{2B3D47C9-3E13-47A3-93C9-E4E17CF9A5A7}.Release|x86.ActiveCfg = Release|Any CPU
		{2B3D47C9-3E13-47A3-93C9-E4E17CF9A5A7}.Release|x86.Build.0 = Release|Any CPU
		{1544AFFD-7AA8-46C8-8D7A-A587FCBCAB0D}.Debug|Any CPU.ActiveCfg = Debug|Any CPU
		{1544AFFD-7AA8-46C8-8D7A-A587FCBCAB0D}.Debug|Any CPU.Build.0 = Debug|Any CPU
		{1544AFFD-7AA8-46C8-8D7A-A587FCBCAB0D}.Debug|x64.ActiveCfg = Debug|Any CPU
		{1544AFFD-7AA8-46C8-8D7A-A587FCBCAB0D}.Debug|x64.Build.0 = Debug|Any CPU
		{1544AFFD-7AA8-46C8-8D7A-A587FCBCAB0D}.Debug|x86.ActiveCfg = Debug|Any CPU
		{1544AFFD-7AA8-46C8-8D7A-A587FCBCAB0D}.Debug|x86.Build.0 = Debug|Any CPU
		{1544AFFD-7AA8-46C8-8D7A-A587FCBCAB0D}.Release|Any CPU.ActiveCfg = Release|Any CPU
		{1544AFFD-7AA8-46C8-8D7A-A587FCBCAB0D}.Release|Any CPU.Build.0 = Release|Any CPU
		{1544AFFD-7AA8-46C8-8D7A-A587FCBCAB0D}.Release|x64.ActiveCfg = Release|Any CPU
		{1544AFFD-7AA8-46C8-8D7A-A587FCBCAB0D}.Release|x64.Build.0 = Release|Any CPU
		{1544AFFD-7AA8-46C8-8D7A-A587FCBCAB0D}.Release|x86.ActiveCfg = Release|Any CPU
		{1544AFFD-7AA8-46C8-8D7A-A587FCBCAB0D}.Release|x86.Build.0 = Release|Any CPU
	EndGlobalSection
	GlobalSection(SolutionProperties) = preSolution
		HideSolutionNode = FALSE
	EndGlobalSection
	GlobalSection(ExtensibilityGlobals) = postSolution
		SolutionGuid = {C1E80BA4-ED61-4942-B14C-D97955896149}
	EndGlobalSection
EndGlobal
